// !$*UTF8*$!
{
	archiveVersion = 1;
	classes = {
	};
	objectVersion = 56;
	objects = {

/* Begin PBXBuildFile section */
		CD75966F2ABC101700ACAF5E /* Alamofire in Frameworks */ = {isa = PBXBuildFile; productRef = CD75966E2ABC101700ACAF5E /* Alamofire */; };
		CD7F051D2ABC93E3005CBABA /* Music.swift in Sources */ = {isa = PBXBuildFile; fileRef = CD7F051C2ABC93E3005CBABA /* Music.swift */; };
		CD7F051F2ABC9424005CBABA /* constants.swift in Sources */ = {isa = PBXBuildFile; fileRef = CD7F051E2ABC9424005CBABA /* constants.swift */; };
		CD7F05212ABC95AE005CBABA /* MusicApi.swift in Sources */ = {isa = PBXBuildFile; fileRef = CD7F05202ABC95AE005CBABA /* MusicApi.swift */; };
		CDCF2AF92ABB22BC00B02634 /* AppDelegate.swift in Sources */ = {isa = PBXBuildFile; fileRef = CDCF2AF82ABB22BC00B02634 /* AppDelegate.swift */; };
		CDCF2AFB2ABB22BC00B02634 /* SceneDelegate.swift in Sources */ = {isa = PBXBuildFile; fileRef = CDCF2AFA2ABB22BC00B02634 /* SceneDelegate.swift */; };
		CDCF2AFD2ABB22BC00B02634 /* MainViewController.swift in Sources */ = {isa = PBXBuildFile; fileRef = CDCF2AFC2ABB22BC00B02634 /* MainViewController.swift */; };
		CDCF2B022ABB22BC00B02634 /* Assets.xcassets in Resources */ = {isa = PBXBuildFile; fileRef = CDCF2B012ABB22BC00B02634 /* Assets.xcassets */; };
		CDCF2B052ABB22BC00B02634 /* LaunchScreen.storyboard in Resources */ = {isa = PBXBuildFile; fileRef = CDCF2B032ABB22BC00B02634 /* LaunchScreen.storyboard */; };
		CDCF2B132ABB271800B02634 /* MusicCell.swift in Sources */ = {isa = PBXBuildFile; fileRef = CDCF2B122ABB271800B02634 /* MusicCell.swift */; };
/* End PBXBuildFile section */

/* Begin PBXFileReference section */
		CD7F051C2ABC93E3005CBABA /* Music.swift */ = {isa = PBXFileReference; lastKnownFileType = sourcecode.swift; path = Music.swift; sourceTree = "<group>"; };
		CD7F051E2ABC9424005CBABA /* constants.swift */ = {isa = PBXFileReference; lastKnownFileType = sourcecode.swift; path = constants.swift; sourceTree = "<group>"; };
		CD7F05202ABC95AE005CBABA /* MusicApi.swift */ = {isa = PBXFileReference; lastKnownFileType = sourcecode.swift; path = MusicApi.swift; sourceTree = "<group>"; };
		CDCF2AF52ABB22BC00B02634 /* MusicApp.app */ = {isa = PBXFileReference; explicitFileType = wrapper.application; includeInIndex = 0; path = MusicApp.app; sourceTree = BUILT_PRODUCTS_DIR; };
		CDCF2AF82ABB22BC00B02634 /* AppDelegate.swift */ = {isa = PBXFileReference; lastKnownFileType = sourcecode.swift; path = AppDelegate.swift; sourceTree = "<group>"; };
		CDCF2AFA2ABB22BC00B02634 /* SceneDelegate.swift */ = {isa = PBXFileReference; lastKnownFileType = sourcecode.swift; path = SceneDelegate.swift; sourceTree = "<group>"; };
		CDCF2AFC2ABB22BC00B02634 /* MainViewController.swift */ = {isa = PBXFileReference; lastKnownFileType = sourcecode.swift; path = MainViewController.swift; sourceTree = "<group>"; };
		CDCF2B012ABB22BC00B02634 /* Assets.xcassets */ = {isa = PBXFileReference; lastKnownFileType = folder.assetcatalog; path = Assets.xcassets; sourceTree = "<group>"; };
		CDCF2B042ABB22BC00B02634 /* Base */ = {isa = PBXFileReference; lastKnownFileType = file.storyboard; name = Base; path = Base.lproj/LaunchScreen.storyboard; sourceTree = "<group>"; };
		CDCF2B062ABB22BC00B02634 /* Info.plist */ = {isa = PBXFileReference; lastKnownFileType = text.plist.xml; path = Info.plist; sourceTree = "<group>"; };
		CDCF2B122ABB271800B02634 /* MusicCell.swift */ = {isa = PBXFileReference; lastKnownFileType = sourcecode.swift; path = MusicCell.swift; sourceTree = "<group>"; };
/* End PBXFileReference section */

/* Begin PBXFrameworksBuildPhase section */
		CDCF2AF22ABB22BC00B02634 /* Frameworks */ = {
			isa = PBXFrameworksBuildPhase;
			buildActionMask = 2147483647;
			files = (
				CD75966F2ABC101700ACAF5E /* Alamofire in Frameworks */,
			);
			runOnlyForDeploymentPostprocessing = 0;
		};
/* End PBXFrameworksBuildPhase section */

/* Begin PBXGroup section */
		CDCF2AEC2ABB22BB00B02634 = {
			isa = PBXGroup;
			children = (
				CDCF2AF72ABB22BC00B02634 /* MusicApp */,
				CDCF2AF62ABB22BC00B02634 /* Products */,
			);
			sourceTree = "<group>";
		};
		CDCF2AF62ABB22BC00B02634 /* Products */ = {
			isa = PBXGroup;
			children = (
				CDCF2AF52ABB22BC00B02634 /* MusicApp.app */,
			);
			name = Products;
			sourceTree = "<group>";
		};
		CDCF2AF72ABB22BC00B02634 /* MusicApp */ = {
			isa = PBXGroup;
			children = (
				CDCF2B112ABB23A500B02634 /* Controllers */,
				CDCF2B102ABB239800B02634 /* Views */,
				CDCF2B0F2ABB238A00B02634 /* Models */,
				CDCF2B0E2ABB238000B02634 /* Network */,
				CDCF2B0C2ABB236A00B02634 /* Helpers */,
				CDCF2AF82ABB22BC00B02634 /* AppDelegate.swift */,
				CDCF2AFA2ABB22BC00B02634 /* SceneDelegate.swift */,
				CDCF2B012ABB22BC00B02634 /* Assets.xcassets */,
				CDCF2B032ABB22BC00B02634 /* LaunchScreen.storyboard */,
				CDCF2B062ABB22BC00B02634 /* Info.plist */,
			);
			path = MusicApp;
			sourceTree = "<group>";
		};
		CDCF2B0C2ABB236A00B02634 /* Helpers */ = {
			isa = PBXGroup;
			children = (
				CD7F051E2ABC9424005CBABA /* constants.swift */,
			);
			path = Helpers;
			sourceTree = "<group>";
		};
		CDCF2B0E2ABB238000B02634 /* Network */ = {
			isa = PBXGroup;
			children = (
				CD7F05202ABC95AE005CBABA /* MusicApi.swift */,
			);
			path = Network;
			sourceTree = "<group>";
		};
		CDCF2B0F2ABB238A00B02634 /* Models */ = {
			isa = PBXGroup;
			children = (
				CD7F051C2ABC93E3005CBABA /* Music.swift */,
			);
			path = Models;
			sourceTree = "<group>";
		};
		CDCF2B102ABB239800B02634 /* Views */ = {
			isa = PBXGroup;
			children = (
				CDCF2B122ABB271800B02634 /* MusicCell.swift */,
			);
			path = Views;
			sourceTree = "<group>";
		};
		CDCF2B112ABB23A500B02634 /* Controllers */ = {
			isa = PBXGroup;
			children = (
				CDCF2AFC2ABB22BC00B02634 /* MainViewController.swift */,
			);
			path = Controllers;
			sourceTree = "<group>";
		};
/* End PBXGroup section */

/* Begin PBXNativeTarget section */
		CDCF2AF42ABB22BC00B02634 /* MusicApp */ = {
			isa = PBXNativeTarget;
			buildConfigurationList = CDCF2B092ABB22BC00B02634 /* Build configuration list for PBXNativeTarget "MusicApp" */;
			buildPhases = (
				CDCF2AF12ABB22BC00B02634 /* Sources */,
				CDCF2AF22ABB22BC00B02634 /* Frameworks */,
				CDCF2AF32ABB22BC00B02634 /* Resources */,
			);
			buildRules = (
			);
			dependencies = (
			);
			name = MusicApp;
			packageProductDependencies = (
				CD75966E2ABC101700ACAF5E /* Alamofire */,
			);
			productName = MusicApp;
			productReference = CDCF2AF52ABB22BC00B02634 /* MusicApp.app */;
			productType = "com.apple.product-type.application";
		};
/* End PBXNativeTarget section */

/* Begin PBXProject section */
		CDCF2AED2ABB22BB00B02634 /* Project object */ = {
			isa = PBXProject;
			attributes = {
				BuildIndependentTargetsInParallel = 1;
				LastSwiftUpdateCheck = 1430;
				LastUpgradeCheck = 1430;
				TargetAttributes = {
					CDCF2AF42ABB22BC00B02634 = {
						CreatedOnToolsVersion = 14.3;
					};
				};
			};
			buildConfigurationList = CDCF2AF02ABB22BB00B02634 /* Build configuration list for PBXProject "MusicApp" */;
			compatibilityVersion = "Xcode 14.0";
			developmentRegion = en;
			hasScannedForEncodings = 0;
			knownRegions = (
				en,
				Base,
			);
			mainGroup = CDCF2AEC2ABB22BB00B02634;
			packageReferences = (
				CD75966D2ABC101700ACAF5E /* XCRemoteSwiftPackageReference "Alamofire" */,
			);
			productRefGroup = CDCF2AF62ABB22BC00B02634 /* Products */;
			projectDirPath = "";
			projectRoot = "";
			targets = (
				CDCF2AF42ABB22BC00B02634 /* MusicApp */,
			);
		};
/* End PBXProject section */

/* Begin PBXResourcesBuildPhase section */
		CDCF2AF32ABB22BC00B02634 /* Resources */ = {
			isa = PBXResourcesBuildPhase;
			buildActionMask = 2147483647;
			files = (
				CDCF2B052ABB22BC00B02634 /* LaunchScreen.storyboard in Resources */,
				CDCF2B022ABB22BC00B02634 /* Assets.xcassets in Resources */,
			);
			runOnlyForDeploymentPostprocessing = 0;
		};
/* End PBXResourcesBuildPhase section */

/* Begin PBXSourcesBuildPhase section */
		CDCF2AF12ABB22BC00B02634 /* Sources */ = {
			isa = PBXSourcesBuildPhase;
			buildActionMask = 2147483647;
			files = (
				CDCF2AFD2ABB22BC00B02634 /* MainViewController.swift in Sources */,
				CDCF2AF92ABB22BC00B02634 /* AppDelegate.swift in Sources */,
				CD7F051D2ABC93E3005CBABA /* Music.swift in Sources */,
				CDCF2B132ABB271800B02634 /* MusicCell.swift in Sources */,
				CDCF2AFB2ABB22BC00B02634 /* SceneDelegate.swift in Sources */,
				CD7F05212ABC95AE005CBABA /* MusicApi.swift in Sources */,
				CD7F051F2ABC9424005CBABA /* constants.swift in Sources */,
			);
			runOnlyForDeploymentPostprocessing = 0;
		};
/* End PBXSourcesBuildPhase section */

/* Begin PBXVariantGroup section */
		CDCF2B032ABB22BC00B02634 /* LaunchScreen.storyboard */ = {
			isa = PBXVariantGroup;
			children = (
				CDCF2B042ABB22BC00B02634 /* Base */,
			);
			name = LaunchScreen.storyboard;
			sourceTree = "<group>";
		};
/* End PBXVariantGroup section */

/* Begin XCBuildConfiguration section */
		CDCF2B072ABB22BC00B02634 /* Debug */ = {
			isa = XCBuildConfiguration;
			buildSettings = {
				ALWAYS_SEARCH_USER_PATHS = NO;
				CLANG_ANALYZER_NONNULL = YES;
				CLANG_ANALYZER_NUMBER_OBJECT_CONVERSION = YES_AGGRESSIVE;
				CLANG_CXX_LANGUAGE_STANDARD = "gnu++20";
				CLANG_ENABLE_MODULES = YES;
				CLANG_ENABLE_OBJC_ARC = YES;
				CLANG_ENABLE_OBJC_WEAK = YES;
				CLANG_WARN_BLOCK_CAPTURE_AUTORELEASING = YES;
				CLANG_WARN_BOOL_CONVERSION = YES;
				CLANG_WARN_COMMA = YES;
				CLANG_WARN_CONSTANT_CONVERSION = YES;
				CLANG_WARN_DEPRECATED_OBJC_IMPLEMENTATIONS = YES;
				CLANG_WARN_DIRECT_OBJC_ISA_USAGE = YES_ERROR;
				CLANG_WARN_DOCUMENTATION_COMMENTS = YES;
				CLANG_WARN_EMPTY_BODY = YES;
				CLANG_WARN_ENUM_CONVERSION = YES;
				CLANG_WARN_INFINITE_RECURSION = YES;
				CLANG_WARN_INT_CONVERSION = YES;
				CLANG_WARN_NON_LITERAL_NULL_CONVERSION = YES;
				CLANG_WARN_OBJC_IMPLICIT_RETAIN_SELF = YES;
				CLANG_WARN_OBJC_LITERAL_CONVERSION = YES;
				CLANG_WARN_OBJC_ROOT_CLASS = YES_ERROR;
				CLANG_WARN_QUOTED_INCLUDE_IN_FRAMEWORK_HEADER = YES;
				CLANG_WARN_RANGE_LOOP_ANALYSIS = YES;
				CLANG_WARN_STRICT_PROTOTYPES = YES;
				CLANG_WARN_SUSPICIOUS_MOVE = YES;
				CLANG_WARN_UNGUARDED_AVAILABILITY = YES_AGGRESSIVE;
				CLANG_WARN_UNREACHABLE_CODE = YES;
				CLANG_WARN__DUPLICATE_METHOD_MATCH = YES;
				COPY_PHASE_STRIP = NO;
				DEBUG_INFORMATION_FORMAT = dwarf;
				ENABLE_STRICT_OBJC_MSGSEND = YES;
				ENABLE_TESTABILITY = YES;
				GCC_C_LANGUAGE_STANDARD = gnu11;
				GCC_DYNAMIC_NO_PIC = NO;
				GCC_NO_COMMON_BLOCKS = YES;
				GCC_OPTIMIZATION_LEVEL = 0;
				GCC_PREPROCESSOR_DEFINITIONS = (
					"DEBUG=1",
					"$(inherited)",
				);
				GCC_WARN_64_TO_32_BIT_CONVERSION = YES;
				GCC_WARN_ABOUT_RETURN_TYPE = YES_ERROR;
				GCC_WARN_UNDECLARED_SELECTOR = YES;
				GCC_WARN_UNINITIALIZED_AUTOS = YES_AGGRESSIVE;
				GCC_WARN_UNUSED_FUNCTION = YES;
				GCC_WARN_UNUSED_VARIABLE = YES;
				IPHONEOS_DEPLOYMENT_TARGET = 16.4;
				MTL_ENABLE_DEBUG_INFO = INCLUDE_SOURCE;
				MTL_FAST_MATH = YES;
				ONLY_ACTIVE_ARCH = YES;
				SDKROOT = iphoneos;
				SWIFT_ACTIVE_COMPILATION_CONDITIONS = DEBUG;
				SWIFT_OPTIMIZATION_LEVEL = "-Onone";
			};
			name = Debug;
		};
		CDCF2B082ABB22BC00B02634 /* Release */ = {
			isa = XCBuildConfiguration;
			buildSettings = {
				ALWAYS_SEARCH_USER_PATHS = NO;
				CLANG_ANALYZER_NONNULL = YES;
				CLANG_ANALYZER_NUMBER_OBJECT_CONVERSION = YES_AGGRESSIVE;
				CLANG_CXX_LANGUAGE_STANDARD = "gnu++20";
				CLANG_ENABLE_MODULES = YES;
				CLANG_ENABLE_OBJC_ARC = YES;
				CLANG_ENABLE_OBJC_WEAK = YES;
				CLANG_WARN_BLOCK_CAPTURE_AUTORELEASING = YES;
				CLANG_WARN_BOOL_CONVERSION = YES;
				CLANG_WARN_COMMA = YES;
				CLANG_WARN_CONSTANT_CONVERSION = YES;
				CLANG_WARN_DEPRECATED_OBJC_IMPLEMENTATIONS = YES;
				CLANG_WARN_DIRECT_OBJC_ISA_USAGE = YES_ERROR;
				CLANG_WARN_DOCUMENTATION_COMMENTS = YES;
				CLANG_WARN_EMPTY_BODY = YES;
				CLANG_WARN_ENUM_CONVERSION = YES;
				CLANG_WARN_INFINITE_RECURSION = YES;
				CLANG_WARN_INT_CONVERSION = YES;
				CLANG_WARN_NON_LITERAL_NULL_CONVERSION = YES;
				CLANG_WARN_OBJC_IMPLICIT_RETAIN_SELF = YES;
				CLANG_WARN_OBJC_LITERAL_CONVERSION = YES;
				CLANG_WARN_OBJC_ROOT_CLASS = YES_ERROR;
				CLANG_WARN_QUOTED_INCLUDE_IN_FRAMEWORK_HEADER = YES;
				CLANG_WARN_RANGE_LOOP_ANALYSIS = YES;
				CLANG_WARN_STRICT_PROTOTYPES = YES;
				CLANG_WARN_SUSPICIOUS_MOVE = YES;
				CLANG_WARN_UNGUARDED_AVAILABILITY = YES_AGGRESSIVE;
				CLANG_WARN_UNREACHABLE_CODE = YES;
				CLANG_WARN__DUPLICATE_METHOD_MATCH = YES;
				COPY_PHASE_STRIP = NO;
				DEBUG_INFORMATION_FORMAT = "dwarf-with-dsym";
				ENABLE_NS_ASSERTIONS = NO;
				ENABLE_STRICT_OBJC_MSGSEND = YES;
				GCC_C_LANGUAGE_STANDARD = gnu11;
				GCC_NO_COMMON_BLOCKS = YES;
				GCC_WARN_64_TO_32_BIT_CONVERSION = YES;
				GCC_WARN_ABOUT_RETURN_TYPE = YES_ERROR;
				GCC_WARN_UNDECLARED_SELECTOR = YES;
				GCC_WARN_UNINITIALIZED_AUTOS = YES_AGGRESSIVE;
				GCC_WARN_UNUSED_FUNCTION = YES;
				GCC_WARN_UNUSED_VARIABLE = YES;
				IPHONEOS_DEPLOYMENT_TARGET = 16.4;
				MTL_ENABLE_DEBUG_INFO = NO;
				MTL_FAST_MATH = YES;
				SDKROOT = iphoneos;
				SWIFT_COMPILATION_MODE = wholemodule;
				SWIFT_OPTIMIZATION_LEVEL = "-O";
				VALIDATE_PRODUCT = YES;
			};
			name = Release;
		};
		CDCF2B0A2ABB22BC00B02634 /* Debug */ = {
			isa = XCBuildConfiguration;
			buildSettings = {
				ASSETCATALOG_COMPILER_APPICON_NAME = AppIcon;
				ASSETCATALOG_COMPILER_GLOBAL_ACCENT_COLOR_NAME = AccentColor;
				CODE_SIGN_STYLE = Automatic;
				CURRENT_PROJECT_VERSION = 1;
				DEVELOPMENT_TEAM = U534S24426;
				GENERATE_INFOPLIST_FILE = YES;
				INFOPLIST_FILE = MusicApp/Info.plist;
				INFOPLIST_KEY_UIApplicationSupportsIndirectInputEvents = YES;
				INFOPLIST_KEY_UILaunchStoryboardName = LaunchScreen;
				INFOPLIST_KEY_UISupportedInterfaceOrientations_iPad = "UIInterfaceOrientationPortrait UIInterfaceOrientationPortraitUpsideDown UIInterfaceOrientationLandscapeLeft UIInterfaceOrientationLandscapeRight";
				INFOPLIST_KEY_UISupportedInterfaceOrientations_iPhone = "UIInterfaceOrientationPortrait UIInterfaceOrientationLandscapeLeft UIInterfaceOrientationLandscapeRight";
				IPHONEOS_DEPLOYMENT_TARGET = 15.0;
				LD_RUNPATH_SEARCH_PATHS = (
					"$(inherited)",
					"@executable_path/Frameworks",
				);
				MARKETING_VERSION = 1.0;
				PRODUCT_BUNDLE_IDENTIFIER = com.yunhoCreative.MusicApp;
				PRODUCT_NAME = "$(TARGET_NAME)";
				SUPPORTED_PLATFORMS = "iphoneos iphonesimulator";
				SUPPORTS_MACCATALYST = NO;
				SUPPORTS_MAC_DESIGNED_FOR_IPHONE_IPAD = NO;
				SWIFT_EMIT_LOC_STRINGS = YES;
				SWIFT_VERSION = 5.0;
				TARGETED_DEVICE_FAMILY = 1;
			};
			name = Debug;
		};
		CDCF2B0B2ABB22BC00B02634 /* Release */ = {
			isa = XCBuildConfiguration;
			buildSettings = {
				ASSETCATALOG_COMPILER_APPICON_NAME = AppIcon;
				ASSETCATALOG_COMPILER_GLOBAL_ACCENT_COLOR_NAME = AccentColor;
				CODE_SIGN_STYLE = Automatic;
				CURRENT_PROJECT_VERSION = 1;
				DEVELOPMENT_TEAM = U534S24426;
				GENERATE_INFOPLIST_FILE = YES;
				INFOPLIST_FILE = MusicApp/Info.plist;
				INFOPLIST_KEY_UIApplicationSupportsIndirectInputEvents = YES;
				INFOPLIST_KEY_UILaunchStoryboardName = LaunchScreen;
				INFOPLIST_KEY_UISupportedInterfaceOrientations_iPad = "UIInterfaceOrientationPortrait UIInterfaceOrientationPortraitUpsideDown UIInterfaceOrientationLandscapeLeft UIInterfaceOrientationLandscapeRight";
				INFOPLIST_KEY_UISupportedInterfaceOrientations_iPhone = "UIInterfaceOrientationPortrait UIInterfaceOrientationLandscapeLeft UIInterfaceOrientationLandscapeRight";
				IPHONEOS_DEPLOYMENT_TARGET = 15.0;
				LD_RUNPATH_SEARCH_PATHS = (
					"$(inherited)",
					"@executable_path/Frameworks",
				);
				MARKETING_VERSION = 1.0;
				PRODUCT_BUNDLE_IDENTIFIER = com.yunhoCreative.MusicApp;
				PRODUCT_NAME = "$(TARGET_NAME)";
				SUPPORTED_PLATFORMS = "iphoneos iphonesimulator";
				SUPPORTS_MACCATALYST = NO;
				SUPPORTS_MAC_DESIGNED_FOR_IPHONE_IPAD = NO;
				SWIFT_EMIT_LOC_STRINGS = YES;
				SWIFT_VERSION = 5.0;
				TARGETED_DEVICE_FAMILY = 1;
			};
			name = Release;
		};
/* End XCBuildConfiguration section */

/* Begin XCConfigurationList section */
		CDCF2AF02ABB22BB00B02634 /* Build configuration list for PBXProject "MusicApp" */ = {
			isa = XCConfigurationList;
			buildConfigurations = (
				CDCF2B072ABB22BC00B02634 /* Debug */,
				CDCF2B082ABB22BC00B02634 /* Release */,
			);
			defaultConfigurationIsVisible = 0;
			defaultConfigurationName = Release;
		};
		CDCF2B092ABB22BC00B02634 /* Build configuration list for PBXNativeTarget "MusicApp" */ = {
			isa = XCConfigurationList;
			buildConfigurations = (
				CDCF2B0A2ABB22BC00B02634 /* Debug */,
				CDCF2B0B2ABB22BC00B02634 /* Release */,
			);
			defaultConfigurationIsVisible = 0;
			defaultConfigurationName = Release;
		};
/* End XCConfigurationList section */

/* Begin XCRemoteSwiftPackageReference section */
		CD75966D2ABC101700ACAF5E /* XCRemoteSwiftPackageReference "Alamofire" */ = {
			isa = XCRemoteSwiftPackageReference;
			repositoryURL = "https://github.com/Alamofire/Alamofire";
			requirement = {
				kind = upToNextMajorVersion;
				minimumVersion = 5.0.0;
			};
		};
/* End XCRemoteSwiftPackageReference section */

/* Begin XCSwiftPackageProductDependency section */
		CD75966E2ABC101700ACAF5E /* Alamofire */ = {
			isa = XCSwiftPackageProductDependency;
			package = CD75966D2ABC101700ACAF5E /* XCRemoteSwiftPackageReference "Alamofire" */;
			productName = Alamofire;
		};
/* End XCSwiftPackageProductDependency section */
	};
	rootObject = CDCF2AED2ABB22BB00B02634 /* Project object */;
}
